
Microsoft Visual Studio Solution File, Format Version 12.00
# Visual Studio 14
VisualStudioVersion = 14.0.24720.0
MinimumVisualStudioVersion = 10.0.40219.1
Project("{FAE04EC0-301F-11D3-BF4B-00C04F79EFBC}") = "SaveTheWorld", "SaveTheWorld\SaveTheWorld.csproj", "{0E5D1CB1-0C53-4E30-88AE-0B04A83CD39E}"
EndProject
Project("{FAE04EC0-301F-11D3-BF4B-00C04F79EFBC}") = "InsertCpicJsonFiles", "InsertCpicJsonFiles\InsertCpicJsonFiles.csproj", "{E288CC0B-45A8-4DA0-8528-EF9C816D3C2D}"
EndProject
Project("{FAE04EC0-301F-11D3-BF4B-00C04F79EFBC}") = "Helpers", "Helpers\Helpers.csproj", "{BB85FEC4-FBC3-4FEB-BE54-24E6DD37C17A}"
EndProject
Project("{2150E333-8FDC-42A3-9474-1A3956D46DE8}") = "Data", "Data", "{AF4EE6D9-C2DC-46DB-8E52-7387BEAEFA7E}"
	ProjectSection(SolutionItems) = preProject
		..\..\Data\NDC\package.json = ..\..\Data\NDC\package.json
		..\..\Data\NDC\package.txt = ..\..\Data\NDC\package.txt
		..\..\Data\NDC\product.json = ..\..\Data\NDC\product.json
		..\..\Data\NDC\product.txt = ..\..\Data\NDC\product.txt
		test.json = test.json
	EndProjectSection
	ProjectSection(FolderGlobals) = preProject
		__JSONSchema = 
	EndProjectSection
EndProject
Project("{FAE04EC0-301F-11D3-BF4B-00C04F79EFBC}") = "TestExtensions", "TestExtensions\TestExtensions.csproj", "{48786734-9F82-4F10-B558-DFB559F5F5AD}"
EndProject
Project("{FAE04EC0-301F-11D3-BF4B-00C04F79EFBC}") = "InsertPackageAndProductsIntoElastic", "InsertPackageAndProductsIntoElastic\InsertPackageAndProductsIntoElastic.csproj", "{95C4CAE6-FE12-426B-8DBE-C621159E8C7C}"
EndProject
Global
	GlobalSection(SolutionConfigurationPlatforms) = preSolution
		Debug|Any CPU = Debug|Any CPU
		Release|Any CPU = Release|Any CPU
	EndGlobalSection
	GlobalSection(ProjectConfigurationPlatforms) = postSolution
		{0E5D1CB1-0C53-4E30-88AE-0B04A83CD39E}.Debug|Any CPU.ActiveCfg = Debug|Any CPU
		{0E5D1CB1-0C53-4E30-88AE-0B04A83CD39E}.Debug|Any CPU.Build.0 = Debug|Any CPU
		{0E5D1CB1-0C53-4E30-88AE-0B04A83CD39E}.Release|Any CPU.ActiveCfg = Release|Any CPU
		{0E5D1CB1-0C53-4E30-88AE-0B04A83CD39E}.Release|Any CPU.Build.0 = Release|Any CPU
		{E288CC0B-45A8-4DA0-8528-EF9C816D3C2D}.Debug|Any CPU.ActiveCfg = Debug|Any CPU
		{E288CC0B-45A8-4DA0-8528-EF9C816D3C2D}.Debug|Any CPU.Build.0 = Debug|Any CPU
		{E288CC0B-45A8-4DA0-8528-EF9C816D3C2D}.Release|Any CPU.ActiveCfg = Release|Any CPU
		{E288CC0B-45A8-4DA0-8528-EF9C816D3C2D}.Release|Any CPU.Build.0 = Release|Any CPU
		{BB85FEC4-FBC3-4FEB-BE54-24E6DD37C17A}.Debug|Any CPU.ActiveCfg = Debug|Any CPU
		{BB85FEC4-FBC3-4FEB-BE54-24E6DD37C17A}.Debug|Any CPU.Build.0 = Debug|Any CPU
		{BB85FEC4-FBC3-4FEB-BE54-24E6DD37C17A}.Release|Any CPU.ActiveCfg = Release|Any CPU
		{BB85FEC4-FBC3-4FEB-BE54-24E6DD37C17A}.Release|Any CPU.Build.0 = Release|Any CPU
		{48786734-9F82-4F10-B558-DFB559F5F5AD}.Debug|Any CPU.ActiveCfg = Debug|Any CPU
		{48786734-9F82-4F10-B558-DFB559F5F5AD}.Debug|Any CPU.Build.0 = Debug|Any CPU
		{48786734-9F82-4F10-B558-DFB559F5F5AD}.Release|Any CPU.ActiveCfg = Release|Any CPU
		{48786734-9F82-4F10-B558-DFB559F5F5AD}.Release|Any CPU.Build.0 = Release|Any CPU
		{95C4CAE6-FE12-426B-8DBE-C621159E8C7C}.Debug|Any CPU.ActiveCfg = Debug|Any CPU
		{95C4CAE6-FE12-426B-8DBE-C621159E8C7C}.Debug|Any CPU.Build.0 = Debug|Any CPU
		{95C4CAE6-FE12-426B-8DBE-C621159E8C7C}.Release|Any CPU.ActiveCfg = Release|Any CPU
		{95C4CAE6-FE12-426B-8DBE-C621159E8C7C}.Release|Any CPU.Build.0 = Release|Any CPU
	EndGlobalSection
	GlobalSection(SolutionProperties) = preSolution
		HideSolutionNode = FALSE
	EndGlobalSection
EndGlobal
